
Microsoft Visual Studio Solution File, Format Version 12.00
# Visual Studio Version 17
VisualStudioVersion = 17.4.33122.133
MinimumVisualStudioVersion = 10.0.40219.1
Project("{FAE04EC0-301F-11D3-BF4B-00C04F79EFBC}") = "StarbucksBalance.Android", "StarbucksBalance\StarbucksBalance.Android\StarbucksBalance.Android.csproj", "{F9FBEB98-9733-44AE-8A1B-BA99F13A2F5F}"
EndProject
Project("{FAE04EC0-301F-11D3-BF4B-00C04F79EFBC}") = "StarbucksBalance", "StarbucksBalance\StarbucksBalance\StarbucksBalance.csproj", "{E2C1B635-1149-4042-A3C8-097C1A8D5983}"
EndProject
Global
	GlobalSection(SolutionConfigurationPlatforms) = preSolution
		Debug|Any CPU = Debug|Any CPU
		Release|Any CPU = Release|Any CPU
	EndGlobalSection
	GlobalSection(ProjectConfigurationPlatforms) = postSolution
		{F9FBEB98-9733-44AE-8A1B-BA99F13A2F5F}.Debug|Any CPU.ActiveCfg = Debug|Any CPU
		{F9FBEB98-9733-44AE-8A1B-BA99F13A2F5F}.Debug|Any CPU.Build.0 = Debug|Any CPU
		{F9FBEB98-9733-44AE-8A1B-BA99F13A2F5F}.Debug|Any CPU.Deploy.0 = Debug|Any CPU
		{F9FBEB98-9733-44AE-8A1B-BA99F13A2F5F}.Release|Any CPU.ActiveCfg = Release|Any CPU
		{F9FBEB98-9733-44AE-8A1B-BA99F13A2F5F}.Release|Any CPU.Build.0 = Release|Any CPU
		{F9FBEB98-9733-44AE-8A1B-BA99F13A2F5F}.Release|Any CPU.Deploy.0 = Release|Any CPU
		{E2C1B635-1149-4042-A3C8-097C1A8D5983}.Debug|Any CPU.ActiveCfg = Debug|Any CPU
		{E2C1B635-1149-4042-A3C8-097C1A8D5983}.Debug|Any CPU.Build.0 = Debug|Any CPU
		{E2C1B635-1149-4042-A3C8-097C1A8D5983}.Release|Any CPU.ActiveCfg = Release|Any CPU
		{E2C1B635-1149-4042-A3C8-097C1A8D5983}.Release|Any CPU.Build.0 = Release|Any CPU
	EndGlobalSection
	GlobalSection(SolutionProperties) = preSolution
		HideSolutionNode = FALSE
	EndGlobalSection
	GlobalSection(ExtensibilityGlobals) = postSolution
		SolutionGuid = {31E36FFC-AD46-4789-8B99-9A93CFC0D21A}
	EndGlobalSection
EndGlobal
